
Microsoft Visual Studio Solution File, Format Version 12.00
# Visual Studio 15
VisualStudioVersion = 15.0.28010.2016
MinimumVisualStudioVersion = 10.0.40219.1
Project("{FAE04EC0-301F-11D3-BF4B-00C04F79EFBC}") = "Vidly 2", "Vidly 2\Vidly 2.csproj", "{CCEE74B1-23C2-472E-880E-11828FD5686C}"
EndProject
Global
	GlobalSection(SolutionConfigurationPlatforms) = preSolution
		Debug|Any CPU = Debug|Any CPU
		Release|Any CPU = Release|Any CPU
	EndGlobalSection
	GlobalSection(ProjectConfigurationPlatforms) = postSolution
		{CCEE74B1-23C2-472E-880E-11828FD5686C}.Debug|Any CPU.ActiveCfg = Debug|Any CPU
		{CCEE74B1-23C2-472E-880E-11828FD5686C}.Debug|Any CPU.Build.0 = Debug|Any CPU
		{CCEE74B1-23C2-472E-880E-11828FD5686C}.Release|Any CPU.ActiveCfg = Release|Any CPU
		{CCEE74B1-23C2-472E-880E-11828FD5686C}.Release|Any CPU.Build.0 = Release|Any CPU
	EndGlobalSection
	GlobalSection(SolutionProperties) = preSolution
		HideSolutionNode = FALSE
	EndGlobalSection
	GlobalSection(ExtensibilityGlobals) = postSolution
		SolutionGuid = {A6F5F41D-610E-4FD0-A601-FC5CA5400E80}
	EndGlobalSection
EndGlobal
